<?xml version="1.0" encoding="utf-8"?>
<Project ToolsVersion="4.0" xmlns="http://schemas.microsoft.com/developer/msbuild/2003">
  <ItemGroup>
    <Filter Include="The-Forge">
      <UniqueIdentifier>{f719abbe-3b47-4aa4-8561-ccf0a8b20f0a}</UniqueIdentifier>
    </Filter>
    <Filter Include="InterfaceImplementations">
      <UniqueIdentifier>{2146eccd-aa49-4abe-84ad-795c887ebddd}</UniqueIdentifier>
    </Filter>
    <Filter Include="Sandbox">
      <UniqueIdentifier>{4FC737F1-C7A5-4376-A066-2A32D752A2FF}</UniqueIdentifier>
      <Extensions>cpp;c;cc;cxx;c++;cppm;ixx;def;odl;idl;hpj;bat;asm;asmx</Extensions>
    </Filter>
    <Filter Include="Sandbox\Code">
      <UniqueIdentifier>{fdc4ec36-19ee-4e3a-a1e1-15953fa01df0}</UniqueIdentifier>
    </Filter>
    <Filter Include="Sandbox\Shaders">
      <UniqueIdentifier>{b15e68e9-aabc-47bb-958f-2be71af48a22}</UniqueIdentifier>
    </Filter>
  </ItemGroup>
  <ItemGroup>
    <ClCompile Include="..\..\Common_3\Utilities\ThirdParty\OpenSource\bstrlib\bstrlib.c">
      <Filter>The-Forge</Filter>
    </ClCompile>
    <ClCompile Include="..\..\Common_3\Graphics\Direct3D12\Direct3D12.c">
      <Filter>The-Forge</Filter>
    </ClCompile>
    <ClCompile Include="..\..\Common_3\Graphics\Direct3D12\Direct3D12_cxx.cpp">
      <Filter>The-Forge</Filter>
    </ClCompile>
    <ClCompile Include="..\..\Common_3\Graphics\Direct3D12\Direct3D12Hooks.c">
      <Filter>The-Forge</Filter>
    </ClCompile>
    <ClCompile Include="..\..\Common_3\Graphics\Direct3D12\Direct3D12Raytracing.c">
      <Filter>The-Forge</Filter>
    </ClCompile>
    <ClCompile Include="..\..\Common_3\Graphics\GraphicsConfig.cpp">
      <Filter>The-Forge</Filter>
    </ClCompile>
    <ClCompile Include="..\..\Common_3\Tides\WindowsFileSystem.c">
      <Filter>InterfaceImplementations</Filter>
    </ClCompile>
    <ClCompile Include="..\..\Common_3\Tides\WindowsMemory.c">
      <Filter>InterfaceImplementations</Filter>
    </ClCompile>
    <ClCompile Include="..\..\Common_3\Tides\WindowsThread.c">
      <Filter>InterfaceImplementations</Filter>
    </ClCompile>
    <ClCompile Include="..\..\Common_3\Tides\WindowsLog.c">
      <Filter>InterfaceImplementations</Filter>
    </ClCompile>
    <ClCompile Include="..\..\Common_3\Graphics\GraphicsTides.c">
      <Filter>The-Forge</Filter>
    </ClCompile>
    <ClCompile Include="Code\main.cpp">
      <Filter>Sandbox\Code</Filter>
    </ClCompile>
  </ItemGroup>
  <ItemGroup>
    <ClInclude Include="..\..\Common_3\Graphics\GraphicsConfig.h">
      <Filter>The-Forge</Filter>
    </ClInclude>
    <ClInclude Include="..\..\Common_3\Graphics\Interfaces\IRay.h">
      <Filter>The-Forge</Filter>
    </ClInclude>
    <ClInclude Include="..\..\Common_3\Graphics\Interfaces\IGraphics.h">
      <Filter>The-Forge</Filter>
    </ClInclude>
    <ClInclude Include="..\..\Common_3\Graphics\Interfaces\IGraphicsTides.h">
      <Filter>The-Forge</Filter>
    </ClInclude>
    <ClInclude Include="Code\DescriptorSets.autogen.h">
      <Filter>Sandbox\Code</Filter>
    </ClInclude>
    <ClInclude Include="Code\ExternalConfig.h">
      <Filter>Sandbox\Code</Filter>
    </ClInclude>
    <ClInclude Include="Code\ExternalRendererConfig.h">
      <Filter>Sandbox\Code</Filter>
    </ClInclude>
    <ClInclude Include="Code\Shaders\ShaderGlobals.h">
      <Filter>Sandbox\Shaders</Filter>
    </ClInclude>
  </ItemGroup>
  <ItemGroup>
    <FxCompile Include="Code\Shaders\ClearScreen.comp.hlsl">
      <Filter>Sandbox\Shaders</Filter>
    </FxCompile>
    <FxCompile Include="Code\Shaders\ComputeRootSignature.rs.hlsl">
      <Filter>Sandbox\Shaders</Filter>
    </FxCompile>
    <FxCompile Include="Code\Shaders\DefaultRootSignature.rs.hlsl">
      <Filter>Sandbox\Shaders</Filter>
    </FxCompile>
    <FxCompile Include="Code\Shaders\Blit.hlsl">
      <Filter>Sandbox\Shaders</Filter>
    </FxCompile>
  </ItemGroup>
</Project>